// !$*UTF8*$!
{
	archiveVersion = 1;
	classes = {
	};
	objectVersion = 50;
	objects = {

/* Begin PBXBuildFile section */
		5406E76D24BDA6D8005E6028 /* SpotlightSearch.swift in Sources */ = {isa = PBXBuildFile; fileRef = 5406E76C24BDA6D8005E6028 /* SpotlightSearch.swift */; };
		5406E76F24BDB20C005E6028 /* FileSearch.swift in Sources */ = {isa = PBXBuildFile; fileRef = 5406E76E24BDB20C005E6028 /* FileSearch.swift */; };
		5406E77424BDB5F7005E6028 /* DSYMSearch.swift in Sources */ = {isa = PBXBuildFile; fileRef = 5406E77324BDB5F7005E6028 /* DSYMSearch.swift */; };
		5406E77824BED11C005E6028 /* Symbolicator.swift in Sources */ = {isa = PBXBuildFile; fileRef = 5406E77724BED11C005E6028 /* Symbolicator.swift */; };
		5406E78224BEEC29005E6028 /* TextViewController.swift in Sources */ = {isa = PBXBuildFile; fileRef = 5406E78124BEEC29005E6028 /* TextViewController.swift */; };
		5415673E24CE81C3007B37E2 /* FileBrowserPanel.swift in Sources */ = {isa = PBXBuildFile; fileRef = 5415673D24CE81C3007B37E2 /* FileBrowserPanel.swift */; };
		5415674024CE81DE007B37E2 /* FileBrowserViewController.swift in Sources */ = {isa = PBXBuildFile; fileRef = 5415673F24CE81DE007B37E2 /* FileBrowserViewController.swift */; };
		5415674224CE836C007B37E2 /* NSButton+Extension.swift in Sources */ = {isa = PBXBuildFile; fileRef = 5415674124CE836C007B37E2 /* NSButton+Extension.swift */; };
		5415674524CEA274007B37E2 /* FileTableCellView.swift in Sources */ = {isa = PBXBuildFile; fileRef = 5415674424CEA274007B37E2 /* FileTableCellView.swift */; };
		5415674724CEA806007B37E2 /* NSTableCellView+Extesnion.swift in Sources */ = {isa = PBXBuildFile; fileRef = 5415674624CEA806007B37E2 /* NSTableCellView+Extesnion.swift */; };
		5420D92424C05D85009E7CED /* SymbolicatedWindowController.swift in Sources */ = {isa = PBXBuildFile; fileRef = 5420D92224C05D85009E7CED /* SymbolicatedWindowController.swift */; };
		5420D92524C05D85009E7CED /* SymbolicatedWindowController.xib in Resources */ = {isa = PBXBuildFile; fileRef = 5420D92324C05D85009E7CED /* SymbolicatedWindowController.xib */; };
		5423DF4E24D7EEF30030DA25 /* InstallPanel.swift in Sources */ = {isa = PBXBuildFile; fileRef = 5423DF4D24D7EEF30030DA25 /* InstallPanel.swift */; };
		5423DF5024D7EF0F0030DA25 /* InstallViewController.swift in Sources */ = {isa = PBXBuildFile; fileRef = 5423DF4F24D7EF0F0030DA25 /* InstallViewController.swift */; };
		5423DF5224D8FB5E0030DA25 /* DevicePopUpButton.swift in Sources */ = {isa = PBXBuildFile; fileRef = 5423DF5124D8FB5E0030DA25 /* DevicePopUpButton.swift */; };
		54273AC524C0A7E200B184D2 /* LineNumberRulerView.swift in Sources */ = {isa = PBXBuildFile; fileRef = 54273AC424C0A7E200B184D2 /* LineNumberRulerView.swift */; };
		54273AC724C0A81100B184D2 /* NSTextView+LineNumber.swift in Sources */ = {isa = PBXBuildFile; fileRef = 54273AC624C0A81100B184D2 /* NSTextView+LineNumber.swift */; };
		5428218424B36D7A00DFC62F /* NSColor+Extension.swift in Sources */ = {isa = PBXBuildFile; fileRef = 5428218324B36D7A00DFC62F /* NSColor+Extension.swift */; };
		5428218724B371F600DFC62F /* DropZoneView.swift in Sources */ = {isa = PBXBuildFile; fileRef = 5428218624B371F600DFC62F /* DropZoneView.swift */; };
		5428B17D24B4CB2B004AC47A /* DSYMFile.swift in Sources */ = {isa = PBXBuildFile; fileRef = 5428B17C24B4CB2B004AC47A /* DSYMFile.swift */; };
		5428B17F24B4CC2D004AC47A /* Architecture.swift in Sources */ = {isa = PBXBuildFile; fileRef = 5428B17E24B4CC2D004AC47A /* Architecture.swift */; };
		5428B18124B4CC37004AC47A /* BinaryUUID.swift in Sources */ = {isa = PBXBuildFile; fileRef = 5428B18024B4CC37004AC47A /* BinaryUUID.swift */; };
		5428B18324B4D2BD004AC47A /* String+Extension.swift in Sources */ = {isa = PBXBuildFile; fileRef = 5428B18224B4D2BD004AC47A /* String+Extension.swift */; };
		5428B18524B4D3DD004AC47A /* CrashFile.swift in Sources */ = {isa = PBXBuildFile; fileRef = 5428B18424B4D3DD004AC47A /* CrashFile.swift */; };
		542B93EA24B0D8D000D73B5A /* AppDelegate.swift in Sources */ = {isa = PBXBuildFile; fileRef = 542B93E924B0D8D000D73B5A /* AppDelegate.swift */; };
		542B93EE24B0D8D300D73B5A /* Assets.xcassets in Resources */ = {isa = PBXBuildFile; fileRef = 542B93ED24B0D8D200D73B5A /* Assets.xcassets */; };
		542B93F124B0D8D300D73B5A /* Main.storyboard in Resources */ = {isa = PBXBuildFile; fileRef = 542B93EF24B0D8D300D73B5A /* Main.storyboard */; };
		542B943D24B0DB3E00D73B5A /* libplist-2.0.a in Frameworks */ = {isa = PBXBuildFile; fileRef = 542B940A24B0DB3E00D73B5A /* libplist-2.0.a */; };
		542B943E24B0DB3E00D73B5A /* libimobiledevice.a in Frameworks */ = {isa = PBXBuildFile; fileRef = 542B942F24B0DB3E00D73B5A /* libimobiledevice.a */; };
		542B943F24B0DB3E00D73B5A /* libusbmuxd.a in Frameworks */ = {isa = PBXBuildFile; fileRef = 542B943924B0DB3E00D73B5A /* libusbmuxd.a */; };
		542B944024B0DB3E00D73B5A /* libcrypto.a in Frameworks */ = {isa = PBXBuildFile; fileRef = 542B943B24B0DB3E00D73B5A /* libcrypto.a */; };
		542B944124B0DB3E00D73B5A /* libssl.a in Frameworks */ = {isa = PBXBuildFile; fileRef = 542B943C24B0DB3E00D73B5A /* libssl.a */; };
		542B946E24B0E0C400D73B5A /* Plist.swift in Sources */ = {isa = PBXBuildFile; fileRef = 542B946D24B0E0C400D73B5A /* Plist.swift */; };
		542B947024B0E18B00D73B5A /* PlistArray.swift in Sources */ = {isa = PBXBuildFile; fileRef = 542B946F24B0E18B00D73B5A /* PlistArray.swift */; };
		542B947224B0E1CB00D73B5A /* PlistDict.swift in Sources */ = {isa = PBXBuildFile; fileRef = 542B947124B0E1CB00D73B5A /* PlistDict.swift */; };
		542B947424B0E1F500D73B5A /* PlistValue.swift in Sources */ = {isa = PBXBuildFile; fileRef = 542B947324B0E1F500D73B5A /* PlistValue.swift */; };
		542B949224B0E4A100D73B5A /* AppleServiceIdentifier.swift in Sources */ = {isa = PBXBuildFile; fileRef = 542B949124B0E4A100D73B5A /* AppleServiceIdentifier.swift */; };
		542B949424B0E4EB00D73B5A /* AfcClient.swift in Sources */ = {isa = PBXBuildFile; fileRef = 542B949324B0E4EB00D73B5A /* AfcClient.swift */; };
		542B949624B0E53000D73B5A /* DebugServer.swift in Sources */ = {isa = PBXBuildFile; fileRef = 542B949524B0E53000D73B5A /* DebugServer.swift */; };
		542B949824B0E54C00D73B5A /* Device.swift in Sources */ = {isa = PBXBuildFile; fileRef = 542B949724B0E54C00D73B5A /* Device.swift */; };
		542B949A24B0E74400D73B5A /* DeviceConnection.swift in Sources */ = {isa = PBXBuildFile; fileRef = 542B949924B0E74400D73B5A /* DeviceConnection.swift */; };
		542B949C24B0E76900D73B5A /* FileRelay.swift in Sources */ = {isa = PBXBuildFile; fileRef = 542B949B24B0E76900D73B5A /* FileRelay.swift */; };
		542B949E24B0E78400D73B5A /* HouseArrest.swift in Sources */ = {isa = PBXBuildFile; fileRef = 542B949D24B0E78400D73B5A /* HouseArrest.swift */; };
		542B94A024B0E7A400D73B5A /* InstallationProxy.swift in Sources */ = {isa = PBXBuildFile; fileRef = 542B949F24B0E7A400D73B5A /* InstallationProxy.swift */; };
		542B94A224B0E7D800D73B5A /* LockdownClient.swift in Sources */ = {isa = PBXBuildFile; fileRef = 542B94A124B0E7D800D73B5A /* LockdownClient.swift */; };
		542B94A424B0E7EF00D73B5A /* MobileDevice.swift in Sources */ = {isa = PBXBuildFile; fileRef = 542B94A324B0E7EF00D73B5A /* MobileDevice.swift */; };
		542B94A624B0E80000D73B5A /* ScreenshotService.swift in Sources */ = {isa = PBXBuildFile; fileRef = 542B94A524B0E80000D73B5A /* ScreenshotService.swift */; };
		542B94A824B0E81400D73B5A /* SpringboardService.swift in Sources */ = {isa = PBXBuildFile; fileRef = 542B94A724B0E81400D73B5A /* SpringboardService.swift */; };
		542B94AA24B0E82C00D73B5A /* String+Unsafe.swift in Sources */ = {isa = PBXBuildFile; fileRef = 542B94A924B0E82C00D73B5A /* String+Unsafe.swift */; };
		542B94AC24B0E84300D73B5A /* SyslogRelay.swift in Sources */ = {isa = PBXBuildFile; fileRef = 542B94AB24B0E84300D73B5A /* SyslogRelay.swift */; };
		542C171024B21B41009A4219 /* MainViewController.swift in Sources */ = {isa = PBXBuildFile; fileRef = 542C170F24B21B41009A4219 /* MainViewController.swift */; };
		542C171224B21B54009A4219 /* MainWindowController.swift in Sources */ = {isa = PBXBuildFile; fileRef = 542C171124B21B54009A4219 /* MainWindowController.swift */; };
		542C171A24B21E6C009A4219 /* BaseWindowController.swift in Sources */ = {isa = PBXBuildFile; fileRef = 542C171924B21E6C009A4219 /* BaseWindowController.swift */; };
		542C171C24B21E7B009A4219 /* BaseViewController.swift in Sources */ = {isa = PBXBuildFile; fileRef = 542C171B24B21E7B009A4219 /* BaseViewController.swift */; };
		542C659224C151BE000DCC08 /* String+Text.swift in Sources */ = {isa = PBXBuildFile; fileRef = 542C659124C151BE000DCC08 /* String+Text.swift */; };
		542C659524C1575D000DCC08 /* NSToolbar+Extension.swift in Sources */ = {isa = PBXBuildFile; fileRef = 542C659424C1575D000DCC08 /* NSToolbar+Extension.swift */; };
		54478B1024DD51AB0064F956 /* ConstraintMultiplierTarget.swift in Sources */ = {isa = PBXBuildFile; fileRef = 54478AEA24DD51AB0064F956 /* ConstraintMultiplierTarget.swift */; };
		54478B1124DD51AB0064F956 /* LayoutConstraintItem.swift in Sources */ = {isa = PBXBuildFile; fileRef = 54478AEB24DD51AB0064F956 /* LayoutConstraintItem.swift */; };
		54478B1224DD51AB0064F956 /* ConstraintDescription.swift in Sources */ = {isa = PBXBuildFile; fileRef = 54478AEC24DD51AB0064F956 /* ConstraintDescription.swift */; };
		54478B1324DD51AB0064F956 /* ConstraintMakerPriortizable.swift in Sources */ = {isa = PBXBuildFile; fileRef = 54478AED24DD51AB0064F956 /* ConstraintMakerPriortizable.swift */; };
		54478B1424DD51AB0064F956 /* ConstraintAttributes.swift in Sources */ = {isa = PBXBuildFile; fileRef = 54478AEE24DD51AB0064F956 /* ConstraintAttributes.swift */; };
		54478B1524DD51AB0064F956 /* ConstraintViewDSL.swift in Sources */ = {isa = PBXBuildFile; fileRef = 54478AEF24DD51AB0064F956 /* ConstraintViewDSL.swift */; };
		54478B1624DD51AB0064F956 /* ConstraintPriorityTarget.swift in Sources */ = {isa = PBXBuildFile; fileRef = 54478AF024DD51AB0064F956 /* ConstraintPriorityTarget.swift */; };
		54478B1724DD51AB0064F956 /* ConstraintInsets.swift in Sources */ = {isa = PBXBuildFile; fileRef = 54478AF124DD51AB0064F956 /* ConstraintInsets.swift */; };
		54478B1824DD51AB0064F956 /* ConstraintMakerFinalizable.swift in Sources */ = {isa = PBXBuildFile; fileRef = 54478AF224DD51AB0064F956 /* ConstraintMakerFinalizable.swift */; };
		54478B1924DD51AB0064F956 /* ConstraintDSL.swift in Sources */ = {isa = PBXBuildFile; fileRef = 54478AF324DD51AB0064F956 /* ConstraintDSL.swift */; };
		54478B1A24DD51AB0064F956 /* ConstraintMakerExtendable.swift in Sources */ = {isa = PBXBuildFile; fileRef = 54478AF424DD51AB0064F956 /* ConstraintMakerExtendable.swift */; };
		54478B1B24DD51AB0064F956 /* ConstraintPriority.swift in Sources */ = {isa = PBXBuildFile; fileRef = 54478AF524DD51AB0064F956 /* ConstraintPriority.swift */; };
		54478B1C24DD51AB0064F956 /* ConstraintInsetTarget.swift in Sources */ = {isa = PBXBuildFile; fileRef = 54478AF624DD51AB0064F956 /* ConstraintInsetTarget.swift */; };
		54478B1D24DD51AB0064F956 /* ConstraintDirectionalInsetTarget.swift in Sources */ = {isa = PBXBuildFile; fileRef = 54478AF724DD51AB0064F956 /* ConstraintDirectionalInsetTarget.swift */; };
		54478B1E24DD51AB0064F956 /* ConstraintMakerRelatable+Extensions.swift in Sources */ = {isa = PBXBuildFile; fileRef = 54478AF924DD51AB0064F956 /* ConstraintMakerRelatable+Extensions.swift */; };
		54478B1F24DD51AB0064F956 /* ConstraintConfig.swift in Sources */ = {isa = PBXBuildFile; fileRef = 54478AFA24DD51AB0064F956 /* ConstraintConfig.swift */; };
		54478B2024DD51AB0064F956 /* UILayoutSupport+Extensions.swift in Sources */ = {isa = PBXBuildFile; fileRef = 54478AFB24DD51AB0064F956 /* UILayoutSupport+Extensions.swift */; };
		54478B2124DD51AB0064F956 /* ConstraintView.swift in Sources */ = {isa = PBXBuildFile; fileRef = 54478AFC24DD51AB0064F956 /* ConstraintView.swift */; };
		54478B2224DD51AB0064F956 /* ConstraintLayoutGuide.swift in Sources */ = {isa = PBXBuildFile; fileRef = 54478AFD24DD51AB0064F956 /* ConstraintLayoutGuide.swift */; };
		54478B2324DD51AB0064F956 /* ConstraintLayoutSupport.swift in Sources */ = {isa = PBXBuildFile; fileRef = 54478AFE24DD51AB0064F956 /* ConstraintLayoutSupport.swift */; };
		54478B2424DD51AB0064F956 /* Typealiases.swift in Sources */ = {isa = PBXBuildFile; fileRef = 54478AFF24DD51AB0064F956 /* Typealiases.swift */; };
		54478B2524DD51AB0064F956 /* ConstraintConstantTarget.swift in Sources */ = {isa = PBXBuildFile; fileRef = 54478B0024DD51AB0064F956 /* ConstraintConstantTarget.swift */; };
		54478B2624DD51AB0064F956 /* ConstraintOffsetTarget.swift in Sources */ = {isa = PBXBuildFile; fileRef = 54478B0124DD51AB0064F956 /* ConstraintOffsetTarget.swift */; };
		54478B2724DD51AB0064F956 /* ConstraintMakerEditable.swift in Sources */ = {isa = PBXBuildFile; fileRef = 54478B0224DD51AB0064F956 /* ConstraintMakerEditable.swift */; };
		54478B2824DD51AB0064F956 /* ConstraintMaker.swift in Sources */ = {isa = PBXBuildFile; fileRef = 54478B0324DD51AB0064F956 /* ConstraintMaker.swift */; };
		54478B2924DD51AB0064F956 /* ConstraintRelation.swift in Sources */ = {isa = PBXBuildFile; fileRef = 54478B0424DD51AB0064F956 /* ConstraintRelation.swift */; };
		54478B2A24DD51AB0064F956 /* ConstraintLayoutGuideDSL.swift in Sources */ = {isa = PBXBuildFile; fileRef = 54478B0524DD51AB0064F956 /* ConstraintLayoutGuideDSL.swift */; };
		54478B2B24DD51AB0064F956 /* ConstraintView+Extensions.swift in Sources */ = {isa = PBXBuildFile; fileRef = 54478B0624DD51AB0064F956 /* ConstraintView+Extensions.swift */; };
		54478B2C24DD51AB0064F956 /* ConstraintItem.swift in Sources */ = {isa = PBXBuildFile; fileRef = 54478B0724DD51AB0064F956 /* ConstraintItem.swift */; };
		54478B2D24DD51AB0064F956 /* Constraint.swift in Sources */ = {isa = PBXBuildFile; fileRef = 54478B0824DD51AB0064F956 /* Constraint.swift */; };
		54478B2E24DD51AB0064F956 /* Debugging.swift in Sources */ = {isa = PBXBuildFile; fileRef = 54478B0924DD51AB0064F956 /* Debugging.swift */; };
		54478B2F24DD51AB0064F956 /* ConstraintRelatableTarget.swift in Sources */ = {isa = PBXBuildFile; fileRef = 54478B0A24DD51AB0064F956 /* ConstraintRelatableTarget.swift */; };
		54478B3024DD51AB0064F956 /* LayoutConstraint.swift in Sources */ = {isa = PBXBuildFile; fileRef = 54478B0B24DD51AB0064F956 /* LayoutConstraint.swift */; };
		54478B3124DD51AB0064F956 /* ConstraintLayoutGuide+Extensions.swift in Sources */ = {isa = PBXBuildFile; fileRef = 54478B0C24DD51AB0064F956 /* ConstraintLayoutGuide+Extensions.swift */; };
		54478B3224DD51AB0064F956 /* ConstraintDirectionalInsets.swift in Sources */ = {isa = PBXBuildFile; fileRef = 54478B0D24DD51AB0064F956 /* ConstraintDirectionalInsets.swift */; };
		54478B3324DD51AB0064F956 /* ConstraintLayoutSupportDSL.swift in Sources */ = {isa = PBXBuildFile; fileRef = 54478B0E24DD51AB0064F956 /* ConstraintLayoutSupportDSL.swift */; };
		54478B3424DD51AB0064F956 /* ConstraintMakerRelatable.swift in Sources */ = {isa = PBXBuildFile; fileRef = 54478B0F24DD51AB0064F956 /* ConstraintMakerRelatable.swift */; };
		5456FA9924C993E30005D6CA /* FileModel.swift in Sources */ = {isa = PBXBuildFile; fileRef = 5456FA9824C993E30005D6CA /* FileModel.swift */; };
		545CD66F24C1742F004AE652 /* DeviceCrashPanel.swift in Sources */ = {isa = PBXBuildFile; fileRef = 545CD66E24C1742F004AE652 /* DeviceCrashPanel.swift */; };
		545CD67124C1758F004AE652 /* DeviceCrashViewController.swift in Sources */ = {isa = PBXBuildFile; fileRef = 545CD67024C1758F004AE652 /* DeviceCrashViewController.swift */; };
		547DB90824D3AF1600C7A5FD /* NSWindow+Extension.swift in Sources */ = {isa = PBXBuildFile; fileRef = 547DB90724D3AF1600C7A5FD /* NSWindow+Extension.swift */; };
		548B367424CACDE400838902 /* CrashFileTableView.swift in Sources */ = {isa = PBXBuildFile; fileRef = 548B367324CACDE400838902 /* CrashFileTableView.swift */; };
/* End PBXBuildFile section */

/* Begin PBXCopyFilesBuildPhase section */
		542C172124B221CF009A4219 /* Embed Frameworks */ = {
			isa = PBXCopyFilesBuildPhase;
			buildActionMask = 2147483647;
			dstPath = "";
			dstSubfolderSpec = 10;
			files = (
			);
			name = "Embed Frameworks";
			runOnlyForDeploymentPostprocessing = 0;
		};
/* End PBXCopyFilesBuildPhase section */

/* Begin PBXFileReference section */
		5406E76C24BDA6D8005E6028 /* SpotlightSearch.swift */ = {isa = PBXFileReference; lastKnownFileType = sourcecode.swift; path = SpotlightSearch.swift; sourceTree = "<group>"; };
		5406E76E24BDB20C005E6028 /* FileSearch.swift */ = {isa = PBXFileReference; lastKnownFileType = sourcecode.swift; path = FileSearch.swift; sourceTree = "<group>"; };
		5406E77324BDB5F7005E6028 /* DSYMSearch.swift */ = {isa = PBXFileReference; lastKnownFileType = sourcecode.swift; path = DSYMSearch.swift; sourceTree = "<group>"; };
		5406E77724BED11C005E6028 /* Symbolicator.swift */ = {isa = PBXFileReference; lastKnownFileType = sourcecode.swift; path = Symbolicator.swift; sourceTree = "<group>"; };
		5406E78124BEEC29005E6028 /* TextViewController.swift */ = {isa = PBXFileReference; lastKnownFileType = sourcecode.swift; path = TextViewController.swift; sourceTree = "<group>"; };
		5415673D24CE81C3007B37E2 /* FileBrowserPanel.swift */ = {isa = PBXFileReference; lastKnownFileType = sourcecode.swift; path = FileBrowserPanel.swift; sourceTree = "<group>"; };
		5415673F24CE81DE007B37E2 /* FileBrowserViewController.swift */ = {isa = PBXFileReference; lastKnownFileType = sourcecode.swift; path = FileBrowserViewController.swift; sourceTree = "<group>"; };
		5415674124CE836C007B37E2 /* NSButton+Extension.swift */ = {isa = PBXFileReference; lastKnownFileType = sourcecode.swift; path = "NSButton+Extension.swift"; sourceTree = "<group>"; };
		5415674424CEA274007B37E2 /* FileTableCellView.swift */ = {isa = PBXFileReference; lastKnownFileType = sourcecode.swift; path = FileTableCellView.swift; sourceTree = "<group>"; };
		5415674624CEA806007B37E2 /* NSTableCellView+Extesnion.swift */ = {isa = PBXFileReference; lastKnownFileType = sourcecode.swift; path = "NSTableCellView+Extesnion.swift"; sourceTree = "<group>"; };
		5420D92224C05D85009E7CED /* SymbolicatedWindowController.swift */ = {isa = PBXFileReference; lastKnownFileType = sourcecode.swift; path = SymbolicatedWindowController.swift; sourceTree = "<group>"; };
		5420D92324C05D85009E7CED /* SymbolicatedWindowController.xib */ = {isa = PBXFileReference; lastKnownFileType = file.xib; path = SymbolicatedWindowController.xib; sourceTree = "<group>"; };
		5423DF4D24D7EEF30030DA25 /* InstallPanel.swift */ = {isa = PBXFileReference; lastKnownFileType = sourcecode.swift; path = InstallPanel.swift; sourceTree = "<group>"; };
		5423DF4F24D7EF0F0030DA25 /* InstallViewController.swift */ = {isa = PBXFileReference; lastKnownFileType = sourcecode.swift; path = InstallViewController.swift; sourceTree = "<group>"; };
		5423DF5124D8FB5E0030DA25 /* DevicePopUpButton.swift */ = {isa = PBXFileReference; lastKnownFileType = sourcecode.swift; path = DevicePopUpButton.swift; sourceTree = "<group>"; };
		54273AC424C0A7E200B184D2 /* LineNumberRulerView.swift */ = {isa = PBXFileReference; lastKnownFileType = sourcecode.swift; path = LineNumberRulerView.swift; sourceTree = "<group>"; };
		54273AC624C0A81100B184D2 /* NSTextView+LineNumber.swift */ = {isa = PBXFileReference; lastKnownFileType = sourcecode.swift; path = "NSTextView+LineNumber.swift"; sourceTree = "<group>"; };
		5428218324B36D7A00DFC62F /* NSColor+Extension.swift */ = {isa = PBXFileReference; lastKnownFileType = sourcecode.swift; path = "NSColor+Extension.swift"; sourceTree = "<group>"; };
		5428218624B371F600DFC62F /* DropZoneView.swift */ = {isa = PBXFileReference; lastKnownFileType = sourcecode.swift; path = DropZoneView.swift; sourceTree = "<group>"; };
		5428B17C24B4CB2B004AC47A /* DSYMFile.swift */ = {isa = PBXFileReference; lastKnownFileType = sourcecode.swift; path = DSYMFile.swift; sourceTree = "<group>"; };
		5428B17E24B4CC2D004AC47A /* Architecture.swift */ = {isa = PBXFileReference; lastKnownFileType = sourcecode.swift; path = Architecture.swift; sourceTree = "<group>"; };
		5428B18024B4CC37004AC47A /* BinaryUUID.swift */ = {isa = PBXFileReference; lastKnownFileType = sourcecode.swift; path = BinaryUUID.swift; sourceTree = "<group>"; };
		5428B18224B4D2BD004AC47A /* String+Extension.swift */ = {isa = PBXFileReference; lastKnownFileType = sourcecode.swift; path = "String+Extension.swift"; sourceTree = "<group>"; };
		5428B18424B4D3DD004AC47A /* CrashFile.swift */ = {isa = PBXFileReference; lastKnownFileType = sourcecode.swift; path = CrashFile.swift; sourceTree = "<group>"; };
		542B93E624B0D8D000D73B5A /* SymbolicatorX.app */ = {isa = PBXFileReference; explicitFileType = wrapper.application; includeInIndex = 0; path = SymbolicatorX.app; sourceTree = BUILT_PRODUCTS_DIR; };
		542B93E924B0D8D000D73B5A /* AppDelegate.swift */ = {isa = PBXFileReference; lastKnownFileType = sourcecode.swift; path = AppDelegate.swift; sourceTree = "<group>"; };
		542B93ED24B0D8D200D73B5A /* Assets.xcassets */ = {isa = PBXFileReference; lastKnownFileType = folder.assetcatalog; path = Assets.xcassets; sourceTree = "<group>"; };
		542B93F024B0D8D300D73B5A /* Base */ = {isa = PBXFileReference; lastKnownFileType = file.storyboard; name = Base; path = Base.lproj/Main.storyboard; sourceTree = "<group>"; };
		542B93F224B0D8D300D73B5A /* Info.plist */ = {isa = PBXFileReference; lastKnownFileType = text.plist.xml; path = Info.plist; sourceTree = "<group>"; };
		542B93F324B0D8D300D73B5A /* SymbolicatorX.entitlements */ = {isa = PBXFileReference; lastKnownFileType = text.plist.entitlements; path = SymbolicatorX.entitlements; sourceTree = "<group>"; };
		542B940A24B0DB3E00D73B5A /* libplist-2.0.a */ = {isa = PBXFileReference; lastKnownFileType = archive.ar; path = "libplist-2.0.a"; sourceTree = "<group>"; };
		542B940B24B0DB3E00D73B5A /* Structure.h */ = {isa = PBXFileReference; fileEncoding = 4; lastKnownFileType = sourcecode.c.h; path = Structure.h; sourceTree = "<group>"; };
		542B940C24B0DB3E00D73B5A /* Data.h */ = {isa = PBXFileReference; fileEncoding = 4; lastKnownFileType = sourcecode.c.h; path = Data.h; sourceTree = "<group>"; };
		542B940D24B0DB3E00D73B5A /* Key.h */ = {isa = PBXFileReference; fileEncoding = 4; lastKnownFileType = sourcecode.c.h; path = Key.h; sourceTree = "<group>"; };
		542B940E24B0DB3E00D73B5A /* Date.h */ = {isa = PBXFileReference; fileEncoding = 4; lastKnownFileType = sourcecode.c.h; path = Date.h; sourceTree = "<group>"; };
		542B940F24B0DB3E00D73B5A /* Node.h */ = {isa = PBXFileReference; fileEncoding = 4; lastKnownFileType = sourcecode.c.h; path = Node.h; sourceTree = "<group>"; };
		542B941024B0DB3E00D73B5A /* Real.h */ = {isa = PBXFileReference; fileEncoding = 4; lastKnownFileType = sourcecode.c.h; path = Real.h; sourceTree = "<group>"; };
		542B941124B0DB3E00D73B5A /* Boolean.h */ = {isa = PBXFileReference; fileEncoding = 4; lastKnownFileType = sourcecode.c.h; path = Boolean.h; sourceTree = "<group>"; };
		542B941224B0DB3E00D73B5A /* Dictionary.h */ = {isa = PBXFileReference; fileEncoding = 4; lastKnownFileType = sourcecode.c.h; path = Dictionary.h; sourceTree = "<group>"; };
		542B941324B0DB3E00D73B5A /* plist++.h */ = {isa = PBXFileReference; fileEncoding = 4; lastKnownFileType = sourcecode.c.h; path = "plist++.h"; sourceTree = "<group>"; };
		542B941424B0DB3E00D73B5A /* Array.h */ = {isa = PBXFileReference; fileEncoding = 4; lastKnownFileType = sourcecode.c.h; path = Array.h; sourceTree = "<group>"; };
		542B941524B0DB3E00D73B5A /* Integer.h */ = {isa = PBXFileReference; fileEncoding = 4; lastKnownFileType = sourcecode.c.h; path = Integer.h; sourceTree = "<group>"; };
		542B941624B0DB3E00D73B5A /* plist.h */ = {isa = PBXFileReference; fileEncoding = 4; lastKnownFileType = sourcecode.c.h; path = plist.h; sourceTree = "<group>"; };
		542B941724B0DB3E00D73B5A /* Uid.h */ = {isa = PBXFileReference; fileEncoding = 4; lastKnownFileType = sourcecode.c.h; path = Uid.h; sourceTree = "<group>"; };
		542B941824B0DB3E00D73B5A /* String.h */ = {isa = PBXFileReference; fileEncoding = 4; lastKnownFileType = sourcecode.c.h; path = String.h; sourceTree = "<group>"; };
		542B941A24B0DB3E00D73B5A /* installation_proxy.h */ = {isa = PBXFileReference; fileEncoding = 4; lastKnownFileType = sourcecode.c.h; path = installation_proxy.h; sourceTree = "<group>"; };
		542B941B24B0DB3E00D73B5A /* companion_proxy.h */ = {isa = PBXFileReference; fileEncoding = 4; lastKnownFileType = sourcecode.c.h; path = companion_proxy.h; sourceTree = "<group>"; };
		542B941C24B0DB3E00D73B5A /* notification_proxy.h */ = {isa = PBXFileReference; fileEncoding = 4; lastKnownFileType = sourcecode.c.h; path = notification_proxy.h; sourceTree = "<group>"; };
		542B941D24B0DB3E00D73B5A /* restore.h */ = {isa = PBXFileReference; fileEncoding = 4; lastKnownFileType = sourcecode.c.h; path = restore.h; sourceTree = "<group>"; };
		542B941E24B0DB3E00D73B5A /* mobilebackup.h */ = {isa = PBXFileReference; fileEncoding = 4; lastKnownFileType = sourcecode.c.h; path = mobilebackup.h; sourceTree = "<group>"; };
		542B941F24B0DB3E00D73B5A /* endianness.h */ = {isa = PBXFileReference; fileEncoding = 4; lastKnownFileType = sourcecode.c.h; path = endianness.h; sourceTree = "<group>"; };
		542B942024B0DB3E00D73B5A /* misagent.h */ = {isa = PBXFileReference; fileEncoding = 4; lastKnownFileType = sourcecode.c.h; path = misagent.h; sourceTree = "<group>"; };
		542B942124B0DB3E00D73B5A /* property_list_service.h */ = {isa = PBXFileReference; fileEncoding = 4; lastKnownFileType = sourcecode.c.h; path = property_list_service.h; sourceTree = "<group>"; };
		542B942224B0DB3E00D73B5A /* service.h */ = {isa = PBXFileReference; fileEncoding = 4; lastKnownFileType = sourcecode.c.h; path = service.h; sourceTree = "<group>"; };
		542B942324B0DB3E00D73B5A /* mobileactivation.h */ = {isa = PBXFileReference; fileEncoding = 4; lastKnownFileType = sourcecode.c.h; path = mobileactivation.h; sourceTree = "<group>"; };
		542B942424B0DB3E00D73B5A /* screenshotr.h */ = {isa = PBXFileReference; fileEncoding = 4; lastKnownFileType = sourcecode.c.h; path = screenshotr.h; sourceTree = "<group>"; };
		542B942524B0DB3E00D73B5A /* file_relay.h */ = {isa = PBXFileReference; fileEncoding = 4; lastKnownFileType = sourcecode.c.h; path = file_relay.h; sourceTree = "<group>"; };
		542B942624B0DB3E00D73B5A /* heartbeat.h */ = {isa = PBXFileReference; fileEncoding = 4; lastKnownFileType = sourcecode.c.h; path = heartbeat.h; sourceTree = "<group>"; };
		542B942724B0DB3E00D73B5A /* preboard.h */ = {isa = PBXFileReference; fileEncoding = 4; lastKnownFileType = sourcecode.c.h; path = preboard.h; sourceTree = "<group>"; };
		542B942824B0DB3E00D73B5A /* mobilebackup2.h */ = {isa = PBXFileReference; fileEncoding = 4; lastKnownFileType = sourcecode.c.h; path = mobilebackup2.h; sourceTree = "<group>"; };
		542B942924B0DB3E00D73B5A /* asprintf.h */ = {isa = PBXFileReference; fileEncoding = 4; lastKnownFileType = sourcecode.c.h; path = asprintf.h; sourceTree = "<group>"; };
		542B942A24B0DB3E00D73B5A /* mobile_image_mounter.h */ = {isa = PBXFileReference; fileEncoding = 4; lastKnownFileType = sourcecode.c.h; path = mobile_image_mounter.h; sourceTree = "<group>"; };
		542B942B24B0DB3E00D73B5A /* lockdown.h */ = {isa = PBXFileReference; fileEncoding = 4; lastKnownFileType = sourcecode.c.h; path = lockdown.h; sourceTree = "<group>"; };
		542B942C24B0DB3E00D73B5A /* syslog_relay.h */ = {isa = PBXFileReference; fileEncoding = 4; lastKnownFileType = sourcecode.c.h; path = syslog_relay.h; sourceTree = "<group>"; };
		542B942D24B0DB3E00D73B5A /* webinspector.h */ = {isa = PBXFileReference; fileEncoding = 4; lastKnownFileType = sourcecode.c.h; path = webinspector.h; sourceTree = "<group>"; };
		542B942E24B0DB3E00D73B5A /* libimobiledevice.h */ = {isa = PBXFileReference; fileEncoding = 4; lastKnownFileType = sourcecode.c.h; path = libimobiledevice.h; sourceTree = "<group>"; };
		542B942F24B0DB3E00D73B5A /* libimobiledevice.a */ = {isa = PBXFileReference; lastKnownFileType = archive.ar; path = libimobiledevice.a; sourceTree = "<group>"; };
		542B943024B0DB3E00D73B5A /* debugserver.h */ = {isa = PBXFileReference; fileEncoding = 4; lastKnownFileType = sourcecode.c.h; path = debugserver.h; sourceTree = "<group>"; };
		542B943124B0DB3E00D73B5A /* sbservices.h */ = {isa = PBXFileReference; fileEncoding = 4; lastKnownFileType = sourcecode.c.h; path = sbservices.h; sourceTree = "<group>"; };
		542B943224B0DB3E00D73B5A /* diagnostics_relay.h */ = {isa = PBXFileReference; fileEncoding = 4; lastKnownFileType = sourcecode.c.h; path = diagnostics_relay.h; sourceTree = "<group>"; };
		542B943324B0DB3E00D73B5A /* afc.h */ = {isa = PBXFileReference; fileEncoding = 4; lastKnownFileType = sourcecode.c.h; path = afc.h; sourceTree = "<group>"; };
		542B943424B0DB3E00D73B5A /* mobilesync.h */ = {isa = PBXFileReference; fileEncoding = 4; lastKnownFileType = sourcecode.c.h; path = mobilesync.h; sourceTree = "<group>"; };
		542B943524B0DB3E00D73B5A /* house_arrest.h */ = {isa = PBXFileReference; fileEncoding = 4; lastKnownFileType = sourcecode.c.h; path = house_arrest.h; sourceTree = "<group>"; };
		542B943724B0DB3E00D73B5A /* usbmuxd.h */ = {isa = PBXFileReference; fileEncoding = 4; lastKnownFileType = sourcecode.c.h; path = usbmuxd.h; sourceTree = "<group>"; };
		542B943824B0DB3E00D73B5A /* usbmuxd-proto.h */ = {isa = PBXFileReference; fileEncoding = 4; lastKnownFileType = sourcecode.c.h; path = "usbmuxd-proto.h"; sourceTree = "<group>"; };
		542B943924B0DB3E00D73B5A /* libusbmuxd.a */ = {isa = PBXFileReference; lastKnownFileType = archive.ar; path = libusbmuxd.a; sourceTree = "<group>"; };
		542B943B24B0DB3E00D73B5A /* libcrypto.a */ = {isa = PBXFileReference; lastKnownFileType = archive.ar; path = libcrypto.a; sourceTree = "<group>"; };
		542B943C24B0DB3E00D73B5A /* libssl.a */ = {isa = PBXFileReference; lastKnownFileType = archive.ar; path = libssl.a; sourceTree = "<group>"; };
		542B944224B0DB8300D73B5A /* SymbolicatorX-Bridging-Header.h */ = {isa = PBXFileReference; lastKnownFileType = sourcecode.c.h; path = "SymbolicatorX-Bridging-Header.h"; sourceTree = "<group>"; };
		542B946D24B0E0C400D73B5A /* Plist.swift */ = {isa = PBXFileReference; lastKnownFileType = sourcecode.swift; path = Plist.swift; sourceTree = "<group>"; };
		542B946F24B0E18B00D73B5A /* PlistArray.swift */ = {isa = PBXFileReference; lastKnownFileType = sourcecode.swift; path = PlistArray.swift; sourceTree = "<group>"; };
		542B947124B0E1CB00D73B5A /* PlistDict.swift */ = {isa = PBXFileReference; lastKnownFileType = sourcecode.swift; path = PlistDict.swift; sourceTree = "<group>"; };
		542B947324B0E1F500D73B5A /* PlistValue.swift */ = {isa = PBXFileReference; lastKnownFileType = sourcecode.swift; path = PlistValue.swift; sourceTree = "<group>"; };
		542B949124B0E4A100D73B5A /* AppleServiceIdentifier.swift */ = {isa = PBXFileReference; lastKnownFileType = sourcecode.swift; path = AppleServiceIdentifier.swift; sourceTree = "<group>"; };
		542B949324B0E4EB00D73B5A /* AfcClient.swift */ = {isa = PBXFileReference; lastKnownFileType = sourcecode.swift; path = AfcClient.swift; sourceTree = "<group>"; };
		542B949524B0E53000D73B5A /* DebugServer.swift */ = {isa = PBXFileReference; lastKnownFileType = sourcecode.swift; path = DebugServer.swift; sourceTree = "<group>"; };
		542B949724B0E54C00D73B5A /* Device.swift */ = {isa = PBXFileReference; lastKnownFileType = sourcecode.swift; path = Device.swift; sourceTree = "<group>"; };
		542B949924B0E74400D73B5A /* DeviceConnection.swift */ = {isa = PBXFileReference; lastKnownFileType = sourcecode.swift; path = DeviceConnection.swift; sourceTree = "<group>"; };
		542B949B24B0E76900D73B5A /* FileRelay.swift */ = {isa = PBXFileReference; lastKnownFileType = sourcecode.swift; path = FileRelay.swift; sourceTree = "<group>"; };
		542B949D24B0E78400D73B5A /* HouseArrest.swift */ = {isa = PBXFileReference; lastKnownFileType = sourcecode.swift; path = HouseArrest.swift; sourceTree = "<group>"; };
		542B949F24B0E7A400D73B5A /* InstallationProxy.swift */ = {isa = PBXFileReference; lastKnownFileType = sourcecode.swift; path = InstallationProxy.swift; sourceTree = "<group>"; };
		542B94A124B0E7D800D73B5A /* LockdownClient.swift */ = {isa = PBXFileReference; lastKnownFileType = sourcecode.swift; path = LockdownClient.swift; sourceTree = "<group>"; };
		542B94A324B0E7EF00D73B5A /* MobileDevice.swift */ = {isa = PBXFileReference; lastKnownFileType = sourcecode.swift; path = MobileDevice.swift; sourceTree = "<group>"; };
		542B94A524B0E80000D73B5A /* ScreenshotService.swift */ = {isa = PBXFileReference; lastKnownFileType = sourcecode.swift; path = ScreenshotService.swift; sourceTree = "<group>"; };
		542B94A724B0E81400D73B5A /* SpringboardService.swift */ = {isa = PBXFileReference; lastKnownFileType = sourcecode.swift; path = SpringboardService.swift; sourceTree = "<group>"; };
		542B94A924B0E82C00D73B5A /* String+Unsafe.swift */ = {isa = PBXFileReference; lastKnownFileType = sourcecode.swift; path = "String+Unsafe.swift"; sourceTree = "<group>"; };
		542B94AB24B0E84300D73B5A /* SyslogRelay.swift */ = {isa = PBXFileReference; lastKnownFileType = sourcecode.swift; path = SyslogRelay.swift; sourceTree = "<group>"; };
		542C170F24B21B41009A4219 /* MainViewController.swift */ = {isa = PBXFileReference; lastKnownFileType = sourcecode.swift; path = MainViewController.swift; sourceTree = "<group>"; };
		542C171124B21B54009A4219 /* MainWindowController.swift */ = {isa = PBXFileReference; lastKnownFileType = sourcecode.swift; path = MainWindowController.swift; sourceTree = "<group>"; };
		542C171924B21E6C009A4219 /* BaseWindowController.swift */ = {isa = PBXFileReference; lastKnownFileType = sourcecode.swift; path = BaseWindowController.swift; sourceTree = "<group>"; };
		542C171B24B21E7B009A4219 /* BaseViewController.swift */ = {isa = PBXFileReference; lastKnownFileType = sourcecode.swift; path = BaseViewController.swift; sourceTree = "<group>"; };
		542C659124C151BE000DCC08 /* String+Text.swift */ = {isa = PBXFileReference; lastKnownFileType = sourcecode.swift; path = "String+Text.swift"; sourceTree = "<group>"; };
		542C659424C1575D000DCC08 /* NSToolbar+Extension.swift */ = {isa = PBXFileReference; lastKnownFileType = sourcecode.swift; path = "NSToolbar+Extension.swift"; sourceTree = "<group>"; };
		54478AEA24DD51AB0064F956 /* ConstraintMultiplierTarget.swift */ = {isa = PBXFileReference; fileEncoding = 4; lastKnownFileType = sourcecode.swift; path = ConstraintMultiplierTarget.swift; sourceTree = "<group>"; };
		54478AEB24DD51AB0064F956 /* LayoutConstraintItem.swift */ = {isa = PBXFileReference; fileEncoding = 4; lastKnownFileType = sourcecode.swift; path = LayoutConstraintItem.swift; sourceTree = "<group>"; };
		54478AEC24DD51AB0064F956 /* ConstraintDescription.swift */ = {isa = PBXFileReference; fileEncoding = 4; lastKnownFileType = sourcecode.swift; path = ConstraintDescription.swift; sourceTree = "<group>"; };
		54478AED24DD51AB0064F956 /* ConstraintMakerPriortizable.swift */ = {isa = PBXFileReference; fileEncoding = 4; lastKnownFileType = sourcecode.swift; path = ConstraintMakerPriortizable.swift; sourceTree = "<group>"; };
		54478AEE24DD51AB0064F956 /* ConstraintAttributes.swift */ = {isa = PBXFileReference; fileEncoding = 4; lastKnownFileType = sourcecode.swift; path = ConstraintAttributes.swift; sourceTree = "<group>"; };
		54478AEF24DD51AB0064F956 /* ConstraintViewDSL.swift */ = {isa = PBXFileReference; fileEncoding = 4; lastKnownFileType = sourcecode.swift; path = ConstraintViewDSL.swift; sourceTree = "<group>"; };
		54478AF024DD51AB0064F956 /* ConstraintPriorityTarget.swift */ = {isa = PBXFileReference; fileEncoding = 4; lastKnownFileType = sourcecode.swift; path = ConstraintPriorityTarget.swift; sourceTree = "<group>"; };
		54478AF124DD51AB0064F956 /* ConstraintInsets.swift */ = {isa = PBXFileReference; fileEncoding = 4; lastKnownFileType = sourcecode.swift; path = ConstraintInsets.swift; sourceTree = "<group>"; };
		54478AF224DD51AB0064F956 /* ConstraintMakerFinalizable.swift */ = {isa = PBXFileReference; fileEncoding = 4; lastKnownFileType = sourcecode.swift; path = ConstraintMakerFinalizable.swift; sourceTree = "<group>"; };
		54478AF324DD51AB0064F956 /* ConstraintDSL.swift */ = {isa = PBXFileReference; fileEncoding = 4; lastKnownFileType = sourcecode.swift; path = ConstraintDSL.swift; sourceTree = "<group>"; };
		54478AF424DD51AB0064F956 /* ConstraintMakerExtendable.swift */ = {isa = PBXFileReference; fileEncoding = 4; lastKnownFileType = sourcecode.swift; path = ConstraintMakerExtendable.swift; sourceTree = "<group>"; };
		54478AF524DD51AB0064F956 /* ConstraintPriority.swift */ = {isa = PBXFileReference; fileEncoding = 4; lastKnownFileType = sourcecode.swift; path = ConstraintPriority.swift; sourceTree = "<group>"; };
		54478AF624DD51AB0064F956 /* ConstraintInsetTarget.swift */ = {isa = PBXFileReference; fileEncoding = 4; lastKnownFileType = sourcecode.swift; path = ConstraintInsetTarget.swift; sourceTree = "<group>"; };
		54478AF724DD51AB0064F956 /* ConstraintDirectionalInsetTarget.swift */ = {isa = PBXFileReference; fileEncoding = 4; lastKnownFileType = sourcecode.swift; path = ConstraintDirectionalInsetTarget.swift; sourceTree = "<group>"; };
		54478AF824DD51AB0064F956 /* SnapKit.h */ = {isa = PBXFileReference; fileEncoding = 4; lastKnownFileType = sourcecode.c.h; path = SnapKit.h; sourceTree = "<group>"; };
		54478AF924DD51AB0064F956 /* ConstraintMakerRelatable+Extensions.swift */ = {isa = PBXFileReference; fileEncoding = 4; lastKnownFileType = sourcecode.swift; path = "ConstraintMakerRelatable+Extensions.swift"; sourceTree = "<group>"; };
		54478AFA24DD51AB0064F956 /* ConstraintConfig.swift */ = {isa = PBXFileReference; fileEncoding = 4; lastKnownFileType = sourcecode.swift; path = ConstraintConfig.swift; sourceTree = "<group>"; };
		54478AFB24DD51AB0064F956 /* UILayoutSupport+Extensions.swift */ = {isa = PBXFileReference; fileEncoding = 4; lastKnownFileType = sourcecode.swift; path = "UILayoutSupport+Extensions.swift"; sourceTree = "<group>"; };
		54478AFC24DD51AB0064F956 /* ConstraintView.swift */ = {isa = PBXFileReference; fileEncoding = 4; lastKnownFileType = sourcecode.swift; path = ConstraintView.swift; sourceTree = "<group>"; };
		54478AFD24DD51AB0064F956 /* ConstraintLayoutGuide.swift */ = {isa = PBXFileReference; fileEncoding = 4; lastKnownFileType = sourcecode.swift; path = ConstraintLayoutGuide.swift; sourceTree = "<group>"; };
		54478AFE24DD51AB0064F956 /* ConstraintLayoutSupport.swift */ = {isa = PBXFileReference; fileEncoding = 4; lastKnownFileType = sourcecode.swift; path = ConstraintLayoutSupport.swift; sourceTree = "<group>"; };
		54478AFF24DD51AB0064F956 /* Typealiases.swift */ = {isa = PBXFileReference; fileEncoding = 4; lastKnownFileType = sourcecode.swift; path = Typealiases.swift; sourceTree = "<group>"; };
		54478B0024DD51AB0064F956 /* ConstraintConstantTarget.swift */ = {isa = PBXFileReference; fileEncoding = 4; lastKnownFileType = sourcecode.swift; path = ConstraintConstantTarget.swift; sourceTree = "<group>"; };
		54478B0124DD51AB0064F956 /* ConstraintOffsetTarget.swift */ = {isa = PBXFileReference; fileEncoding = 4; lastKnownFileType = sourcecode.swift; path = ConstraintOffsetTarget.swift; sourceTree = "<group>"; };
		54478B0224DD51AB0064F956 /* ConstraintMakerEditable.swift */ = {isa = PBXFileReference; fileEncoding = 4; lastKnownFileType = sourcecode.swift; path = ConstraintMakerEditable.swift; sourceTree = "<group>"; };
		54478B0324DD51AB0064F956 /* ConstraintMaker.swift */ = {isa = PBXFileReference; fileEncoding = 4; lastKnownFileType = sourcecode.swift; path = ConstraintMaker.swift; sourceTree = "<group>"; };
		54478B0424DD51AB0064F956 /* ConstraintRelation.swift */ = {isa = PBXFileReference; fileEncoding = 4; lastKnownFileType = sourcecode.swift; path = ConstraintRelation.swift; sourceTree = "<group>"; };
		54478B0524DD51AB0064F956 /* ConstraintLayoutGuideDSL.swift */ = {isa = PBXFileReference; fileEncoding = 4; lastKnownFileType = sourcecode.swift; path = ConstraintLayoutGuideDSL.swift; sourceTree = "<group>"; };
		54478B0624DD51AB0064F956 /* ConstraintView+Extensions.swift */ = {isa = PBXFileReference; fileEncoding = 4; lastKnownFileType = sourcecode.swift; path = "ConstraintView+Extensions.swift"; sourceTree = "<group>"; };
		54478B0724DD51AB0064F956 /* ConstraintItem.swift */ = {isa = PBXFileReference; fileEncoding = 4; lastKnownFileType = sourcecode.swift; path = ConstraintItem.swift; sourceTree = "<group>"; };
		54478B0824DD51AB0064F956 /* Constraint.swift */ = {isa = PBXFileReference; fileEncoding = 4; lastKnownFileType = sourcecode.swift; path = Constraint.swift; sourceTree = "<group>"; };
		54478B0924DD51AB0064F956 /* Debugging.swift */ = {isa = PBXFileReference; fileEncoding = 4; lastKnownFileType = sourcecode.swift; path = Debugging.swift; sourceTree = "<group>"; };
		54478B0A24DD51AB0064F956 /* ConstraintRelatableTarget.swift */ = {isa = PBXFileReference; fileEncoding = 4; lastKnownFileType = sourcecode.swift; path = ConstraintRelatableTarget.swift; sourceTree = "<group>"; };
		54478B0B24DD51AB0064F956 /* LayoutConstraint.swift */ = {isa = PBXFileReference; fileEncoding = 4; lastKnownFileType = sourcecode.swift; path = LayoutConstraint.swift; sourceTree = "<group>"; };
		54478B0C24DD51AB0064F956 /* ConstraintLayoutGuide+Extensions.swift */ = {isa = PBXFileReference; fileEncoding = 4; lastKnownFileType = sourcecode.swift; path = "ConstraintLayoutGuide+Extensions.swift"; sourceTree = "<group>"; };
		54478B0D24DD51AB0064F956 /* ConstraintDirectionalInsets.swift */ = {isa = PBXFileReference; fileEncoding = 4; lastKnownFileType = sourcecode.swift; path = ConstraintDirectionalInsets.swift; sourceTree = "<group>"; };
		54478B0E24DD51AB0064F956 /* ConstraintLayoutSupportDSL.swift */ = {isa = PBXFileReference; fileEncoding = 4; lastKnownFileType = sourcecode.swift; path = ConstraintLayoutSupportDSL.swift; sourceTree = "<group>"; };
		54478B0F24DD51AB0064F956 /* ConstraintMakerRelatable.swift */ = {isa = PBXFileReference; fileEncoding = 4; lastKnownFileType = sourcecode.swift; path = ConstraintMakerRelatable.swift; sourceTree = "<group>"; };
		5456FA9824C993E30005D6CA /* FileModel.swift */ = {isa = PBXFileReference; lastKnownFileType = sourcecode.swift; path = FileModel.swift; sourceTree = "<group>"; };
		545CD66E24C1742F004AE652 /* DeviceCrashPanel.swift */ = {isa = PBXFileReference; lastKnownFileType = sourcecode.swift; path = DeviceCrashPanel.swift; sourceTree = "<group>"; };
		545CD67024C1758F004AE652 /* DeviceCrashViewController.swift */ = {isa = PBXFileReference; lastKnownFileType = sourcecode.swift; path = DeviceCrashViewController.swift; sourceTree = "<group>"; };
		547DB90724D3AF1600C7A5FD /* NSWindow+Extension.swift */ = {isa = PBXFileReference; lastKnownFileType = sourcecode.swift; path = "NSWindow+Extension.swift"; sourceTree = "<group>"; };
		548B367324CACDE400838902 /* CrashFileTableView.swift */ = {isa = PBXFileReference; lastKnownFileType = sourcecode.swift; path = CrashFileTableView.swift; sourceTree = "<group>"; };
/* End PBXFileReference section */

/* Begin PBXFrameworksBuildPhase section */
		542B93E324B0D8D000D73B5A /* Frameworks */ = {
			isa = PBXFrameworksBuildPhase;
			buildActionMask = 2147483647;
			files = (
				542B944124B0DB3E00D73B5A /* libssl.a in Frameworks */,
				542B943F24B0DB3E00D73B5A /* libusbmuxd.a in Frameworks */,
				542B943D24B0DB3E00D73B5A /* libplist-2.0.a in Frameworks */,
				542B944024B0DB3E00D73B5A /* libcrypto.a in Frameworks */,
				542B943E24B0DB3E00D73B5A /* libimobiledevice.a in Frameworks */,
			);
			runOnlyForDeploymentPostprocessing = 0;
		};
/* End PBXFrameworksBuildPhase section */

/* Begin PBXGroup section */
		5406E76A24BDA2D6005E6028 /* Search */ = {
			isa = PBXGroup;
			children = (
				5406E76C24BDA6D8005E6028 /* SpotlightSearch.swift */,
				5406E76E24BDB20C005E6028 /* FileSearch.swift */,
				5406E77324BDB5F7005E6028 /* DSYMSearch.swift */,
			);
			path = Search;
			sourceTree = "<group>";
		};
		5406E77624BECE65005E6028 /* Symbolicator */ = {
			isa = PBXGroup;
			children = (
				5406E77724BED11C005E6028 /* Symbolicator.swift */,
			);
			path = Symbolicator;
			sourceTree = "<group>";
		};
		5406E77924BEE683005E6028 /* Symbolicated */ = {
			isa = PBXGroup;
			children = (
				5406E78024BEEC06005E6028 /* Controller */,
			);
			path = Symbolicated;
			sourceTree = "<group>";
		};
		5406E78024BEEC06005E6028 /* Controller */ = {
			isa = PBXGroup;
			children = (
				5420D92224C05D85009E7CED /* SymbolicatedWindowController.swift */,
				5420D92324C05D85009E7CED /* SymbolicatedWindowController.xib */,
			);
			path = Controller;
			sourceTree = "<group>";
		};
		5415673B24CE8188007B37E2 /* FileBrowser */ = {
			isa = PBXGroup;
			children = (
				5415674324CEA25D007B37E2 /* View */,
				5415673C24CE81A0007B37E2 /* ViewController */,
			);
			path = FileBrowser;
			sourceTree = "<group>";
		};
		5415673C24CE81A0007B37E2 /* ViewController */ = {
			isa = PBXGroup;
			children = (
				5415673D24CE81C3007B37E2 /* FileBrowserPanel.swift */,
				5415673F24CE81DE007B37E2 /* FileBrowserViewController.swift */,
			);
			path = ViewController;
			sourceTree = "<group>";
		};
		5415674324CEA25D007B37E2 /* View */ = {
			isa = PBXGroup;
			children = (
				5415674424CEA274007B37E2 /* FileTableCellView.swift */,
			);
			path = View;
			sourceTree = "<group>";
		};
		5423DF4B24D7EE950030DA25 /* Install */ = {
			isa = PBXGroup;
			children = (
				5423DF4C24D7EEA40030DA25 /* ViewController */,
			);
			path = Install;
			sourceTree = "<group>";
		};
		5423DF4C24D7EEA40030DA25 /* ViewController */ = {
			isa = PBXGroup;
			children = (
				5423DF4D24D7EEF30030DA25 /* InstallPanel.swift */,
				5423DF4F24D7EF0F0030DA25 /* InstallViewController.swift */,
			);
			path = ViewController;
			sourceTree = "<group>";
		};
		54273AC324C0A7C600B184D2 /* LineNumber */ = {
			isa = PBXGroup;
			children = (
				54273AC424C0A7E200B184D2 /* LineNumberRulerView.swift */,
				54273AC624C0A81100B184D2 /* NSTextView+LineNumber.swift */,
			);
			path = LineNumber;
			sourceTree = "<group>";
		};
		5428218124B36D1B00DFC62F /* Tools */ = {
			isa = PBXGroup;
			children = (
				542C659024C151A2000DCC08 /* Text */,
				54273AC324C0A7C600B184D2 /* LineNumber */,
				5406E77624BECE65005E6028 /* Symbolicator */,
				5406E76A24BDA2D6005E6028 /* Search */,
				5428218224B36D2800DFC62F /* Extension */,
			);
			path = Tools;
			sourceTree = "<group>";
		};
		5428218224B36D2800DFC62F /* Extension */ = {
			isa = PBXGroup;
			children = (
				5428218324B36D7A00DFC62F /* NSColor+Extension.swift */,
				5428B18224B4D2BD004AC47A /* String+Extension.swift */,
				542C659424C1575D000DCC08 /* NSToolbar+Extension.swift */,
				5415674124CE836C007B37E2 /* NSButton+Extension.swift */,
				5415674624CEA806007B37E2 /* NSTableCellView+Extesnion.swift */,
				547DB90724D3AF1600C7A5FD /* NSWindow+Extension.swift */,
			);
			path = Extension;
			sourceTree = "<group>";
		};
		5428218524B371A400DFC62F /* View */ = {
			isa = PBXGroup;
			children = (
				5428218624B371F600DFC62F /* DropZoneView.swift */,
			);
			path = View;
			sourceTree = "<group>";
		};
		5428B17924B4CAD5004AC47A /* Model */ = {
			isa = PBXGroup;
			children = (
				5428B17C24B4CB2B004AC47A /* DSYMFile.swift */,
				5428B17E24B4CC2D004AC47A /* Architecture.swift */,
				5428B18024B4CC37004AC47A /* BinaryUUID.swift */,
				5428B18424B4D3DD004AC47A /* CrashFile.swift */,
			);
			path = Model;
			sourceTree = "<group>";
		};
		542B93DD24B0D8D000D73B5A = {
			isa = PBXGroup;
			children = (
				542B93E824B0D8D000D73B5A /* SymbolicatorX */,
				542B93E724B0D8D000D73B5A /* Products */,
				542C171D24B221CF009A4219 /* Frameworks */,
			);
			sourceTree = "<group>";
		};
		542B93E724B0D8D000D73B5A /* Products */ = {
			isa = PBXGroup;
			children = (
				542B93E624B0D8D000D73B5A /* SymbolicatorX.app */,
			);
			name = Products;
			sourceTree = "<group>";
		};
		542B93E824B0D8D000D73B5A /* SymbolicatorX */ = {
			isa = PBXGroup;
			children = (
				542C171324B21E43009A4219 /* Base */,
				5428218124B36D1B00DFC62F /* Tools */,
				542B944624B0DE5400D73B5A /* Adaptor */,
				5406E77924BEE683005E6028 /* Symbolicated */,
				5415673B24CE8188007B37E2 /* FileBrowser */,
				542C659324C15692000DCC08 /* DeviceCrash */,
				5423DF4B24D7EE950030DA25 /* Install */,
				542C170D24B21B21009A4219 /* Main */,
				542B93E924B0D8D000D73B5A /* AppDelegate.swift */,
				542B93ED24B0D8D200D73B5A /* Assets.xcassets */,
				542B93F224B0D8D300D73B5A /* Info.plist */,
				542B93F324B0D8D300D73B5A /* SymbolicatorX.entitlements */,
				542B944224B0DB8300D73B5A /* SymbolicatorX-Bridging-Header.h */,
				542B940824B0DB3E00D73B5A /* Devicelib */,
			);
			path = SymbolicatorX;
			sourceTree = "<group>";
		};
		542B940824B0DB3E00D73B5A /* Devicelib */ = {
			isa = PBXGroup;
			children = (
				542B940924B0DB3E00D73B5A /* plist */,
				542B941924B0DB3E00D73B5A /* libimobiledevice */,
				542B943624B0DB3E00D73B5A /* usbmuxd */,
				542B943A24B0DB3E00D73B5A /* openssl */,
			);
			path = Devicelib;
			sourceTree = "<group>";
		};
		542B940924B0DB3E00D73B5A /* plist */ = {
			isa = PBXGroup;
			children = (
				542B940A24B0DB3E00D73B5A /* libplist-2.0.a */,
				542B940B24B0DB3E00D73B5A /* Structure.h */,
				542B940C24B0DB3E00D73B5A /* Data.h */,
				542B940D24B0DB3E00D73B5A /* Key.h */,
				542B940E24B0DB3E00D73B5A /* Date.h */,
				542B940F24B0DB3E00D73B5A /* Node.h */,
				542B941024B0DB3E00D73B5A /* Real.h */,
				542B941124B0DB3E00D73B5A /* Boolean.h */,
				542B941224B0DB3E00D73B5A /* Dictionary.h */,
				542B941324B0DB3E00D73B5A /* plist++.h */,
				542B941424B0DB3E00D73B5A /* Array.h */,
				542B941524B0DB3E00D73B5A /* Integer.h */,
				542B941624B0DB3E00D73B5A /* plist.h */,
				542B941724B0DB3E00D73B5A /* Uid.h */,
				542B941824B0DB3E00D73B5A /* String.h */,
			);
			path = plist;
			sourceTree = "<group>";
		};
		542B941924B0DB3E00D73B5A /* libimobiledevice */ = {
			isa = PBXGroup;
			children = (
				542B941A24B0DB3E00D73B5A /* installation_proxy.h */,
				542B941B24B0DB3E00D73B5A /* companion_proxy.h */,
				542B941C24B0DB3E00D73B5A /* notification_proxy.h */,
				542B941D24B0DB3E00D73B5A /* restore.h */,
				542B941E24B0DB3E00D73B5A /* mobilebackup.h */,
				542B941F24B0DB3E00D73B5A /* endianness.h */,
				542B942024B0DB3E00D73B5A /* misagent.h */,
				542B942124B0DB3E00D73B5A /* property_list_service.h */,
				542B942224B0DB3E00D73B5A /* service.h */,
				542B942324B0DB3E00D73B5A /* mobileactivation.h */,
				542B942424B0DB3E00D73B5A /* screenshotr.h */,
				542B942524B0DB3E00D73B5A /* file_relay.h */,
				542B942624B0DB3E00D73B5A /* heartbeat.h */,
				542B942724B0DB3E00D73B5A /* preboard.h */,
				542B942824B0DB3E00D73B5A /* mobilebackup2.h */,
				542B942924B0DB3E00D73B5A /* asprintf.h */,
				542B942A24B0DB3E00D73B5A /* mobile_image_mounter.h */,
				542B942B24B0DB3E00D73B5A /* lockdown.h */,
				542B942C24B0DB3E00D73B5A /* syslog_relay.h */,
				542B942D24B0DB3E00D73B5A /* webinspector.h */,
				542B942E24B0DB3E00D73B5A /* libimobiledevice.h */,
				542B942F24B0DB3E00D73B5A /* libimobiledevice.a */,
				542B943024B0DB3E00D73B5A /* debugserver.h */,
				542B943124B0DB3E00D73B5A /* sbservices.h */,
				542B943224B0DB3E00D73B5A /* diagnostics_relay.h */,
				542B943324B0DB3E00D73B5A /* afc.h */,
				542B943424B0DB3E00D73B5A /* mobilesync.h */,
				542B943524B0DB3E00D73B5A /* house_arrest.h */,
			);
			path = libimobiledevice;
			sourceTree = "<group>";
		};
		542B943624B0DB3E00D73B5A /* usbmuxd */ = {
			isa = PBXGroup;
			children = (
				542B943724B0DB3E00D73B5A /* usbmuxd.h */,
				542B943824B0DB3E00D73B5A /* usbmuxd-proto.h */,
				542B943924B0DB3E00D73B5A /* libusbmuxd.a */,
			);
			path = usbmuxd;
			sourceTree = "<group>";
		};
		542B943A24B0DB3E00D73B5A /* openssl */ = {
			isa = PBXGroup;
			children = (
				542B943B24B0DB3E00D73B5A /* libcrypto.a */,
				542B943C24B0DB3E00D73B5A /* libssl.a */,
			);
			path = openssl;
			sourceTree = "<group>";
		};
		542B944624B0DE5400D73B5A /* Adaptor */ = {
			isa = PBXGroup;
			children = (
				542B944824B0DE8900D73B5A /* Plist */,
				542B944724B0DE6C00D73B5A /* Device */,
			);
			path = Adaptor;
			sourceTree = "<group>";
		};
		542B944724B0DE6C00D73B5A /* Device */ = {
			isa = PBXGroup;
			children = (
				542B949324B0E4EB00D73B5A /* AfcClient.swift */,
				542B949124B0E4A100D73B5A /* AppleServiceIdentifier.swift */,
				542B949524B0E53000D73B5A /* DebugServer.swift */,
				542B949724B0E54C00D73B5A /* Device.swift */,
				542B949924B0E74400D73B5A /* DeviceConnection.swift */,
				542B949B24B0E76900D73B5A /* FileRelay.swift */,
				542B949D24B0E78400D73B5A /* HouseArrest.swift */,
				542B949F24B0E7A400D73B5A /* InstallationProxy.swift */,
				542B94A124B0E7D800D73B5A /* LockdownClient.swift */,
				542B94A324B0E7EF00D73B5A /* MobileDevice.swift */,
				542B94A524B0E80000D73B5A /* ScreenshotService.swift */,
				542B94A724B0E81400D73B5A /* SpringboardService.swift */,
				542B94AB24B0E84300D73B5A /* SyslogRelay.swift */,
				542B94A924B0E82C00D73B5A /* String+Unsafe.swift */,
			);
			path = Device;
			sourceTree = "<group>";
		};
		542B944824B0DE8900D73B5A /* Plist */ = {
			isa = PBXGroup;
			children = (
				542B946D24B0E0C400D73B5A /* Plist.swift */,
				542B946F24B0E18B00D73B5A /* PlistArray.swift */,
				542B947124B0E1CB00D73B5A /* PlistDict.swift */,
				542B947324B0E1F500D73B5A /* PlistValue.swift */,
			);
			path = Plist;
			sourceTree = "<group>";
		};
		542C170D24B21B21009A4219 /* Main */ = {
			isa = PBXGroup;
			children = (
				542B93EF24B0D8D300D73B5A /* Main.storyboard */,
				542C170E24B21B24009A4219 /* Controller */,
				5428218524B371A400DFC62F /* View */,
				5428B17924B4CAD5004AC47A /* Model */,
			);
			path = Main;
			sourceTree = "<group>";
		};
		542C170E24B21B24009A4219 /* Controller */ = {
			isa = PBXGroup;
			children = (
				542C170F24B21B41009A4219 /* MainViewController.swift */,
				542C171124B21B54009A4219 /* MainWindowController.swift */,
			);
			path = Controller;
			sourceTree = "<group>";
		};
		542C171324B21E43009A4219 /* Base */ = {
			isa = PBXGroup;
			children = (
				542C171424B21E47009A4219 /* Controller */,
			);
			path = Base;
			sourceTree = "<group>";
		};
		542C171424B21E47009A4219 /* Controller */ = {
			isa = PBXGroup;
			children = (
				542C171924B21E6C009A4219 /* BaseWindowController.swift */,
				542C171B24B21E7B009A4219 /* BaseViewController.swift */,
			);
			path = Controller;
			sourceTree = "<group>";
		};
		542C171D24B221CF009A4219 /* Frameworks */ = {
			isa = PBXGroup;
			children = (
				54478AE924DD51AB0064F956 /* Snapkit */,
			);
			name = Frameworks;
			sourceTree = "<group>";
		};
		542C659024C151A2000DCC08 /* Text */ = {
			isa = PBXGroup;
			children = (
				5406E78124BEEC29005E6028 /* TextViewController.swift */,
				542C659124C151BE000DCC08 /* String+Text.swift */,
			);
			path = Text;
			sourceTree = "<group>";
		};
		542C659324C15692000DCC08 /* DeviceCrash */ = {
			isa = PBXGroup;
			children = (
				548B367224CACDC300838902 /* View */,
				5456FA9724C993C50005D6CA /* Model */,
				545CD66D24C17416004AE652 /* Controller */,
			);
			path = DeviceCrash;
			sourceTree = "<group>";
		};
		54478AE924DD51AB0064F956 /* Snapkit */ = {
			isa = PBXGroup;
			children = (
				54478AEA24DD51AB0064F956 /* ConstraintMultiplierTarget.swift */,
				54478AEB24DD51AB0064F956 /* LayoutConstraintItem.swift */,
				54478AEC24DD51AB0064F956 /* ConstraintDescription.swift */,
				54478AED24DD51AB0064F956 /* ConstraintMakerPriortizable.swift */,
				54478AEE24DD51AB0064F956 /* ConstraintAttributes.swift */,
				54478AEF24DD51AB0064F956 /* ConstraintViewDSL.swift */,
				54478AF024DD51AB0064F956 /* ConstraintPriorityTarget.swift */,
				54478AF124DD51AB0064F956 /* ConstraintInsets.swift */,
				54478AF224DD51AB0064F956 /* ConstraintMakerFinalizable.swift */,
				54478AF324DD51AB0064F956 /* ConstraintDSL.swift */,
				54478AF424DD51AB0064F956 /* ConstraintMakerExtendable.swift */,
				54478AF524DD51AB0064F956 /* ConstraintPriority.swift */,
				54478AF624DD51AB0064F956 /* ConstraintInsetTarget.swift */,
				54478AF724DD51AB0064F956 /* ConstraintDirectionalInsetTarget.swift */,
				54478AF824DD51AB0064F956 /* SnapKit.h */,
				54478AF924DD51AB0064F956 /* ConstraintMakerRelatable+Extensions.swift */,
				54478AFA24DD51AB0064F956 /* ConstraintConfig.swift */,
				54478AFB24DD51AB0064F956 /* UILayoutSupport+Extensions.swift */,
				54478AFC24DD51AB0064F956 /* ConstraintView.swift */,
				54478AFD24DD51AB0064F956 /* ConstraintLayoutGuide.swift */,
				54478AFE24DD51AB0064F956 /* ConstraintLayoutSupport.swift */,
				54478AFF24DD51AB0064F956 /* Typealiases.swift */,
				54478B0024DD51AB0064F956 /* ConstraintConstantTarget.swift */,
				54478B0124DD51AB0064F956 /* ConstraintOffsetTarget.swift */,
				54478B0224DD51AB0064F956 /* ConstraintMakerEditable.swift */,
				54478B0324DD51AB0064F956 /* ConstraintMaker.swift */,
				54478B0424DD51AB0064F956 /* ConstraintRelation.swift */,
				54478B0524DD51AB0064F956 /* ConstraintLayoutGuideDSL.swift */,
				54478B0624DD51AB0064F956 /* ConstraintView+Extensions.swift */,
				54478B0724DD51AB0064F956 /* ConstraintItem.swift */,
				54478B0824DD51AB0064F956 /* Constraint.swift */,
				54478B0924DD51AB0064F956 /* Debugging.swift */,
				54478B0A24DD51AB0064F956 /* ConstraintRelatableTarget.swift */,
				54478B0B24DD51AB0064F956 /* LayoutConstraint.swift */,
				54478B0C24DD51AB0064F956 /* ConstraintLayoutGuide+Extensions.swift */,
				54478B0D24DD51AB0064F956 /* ConstraintDirectionalInsets.swift */,
				54478B0E24DD51AB0064F956 /* ConstraintLayoutSupportDSL.swift */,
				54478B0F24DD51AB0064F956 /* ConstraintMakerRelatable.swift */,
			);
			name = Snapkit;
			path = SymbolicatorX/Frameworks/Snapkit;
			sourceTree = "<group>";
		};
		5456FA9724C993C50005D6CA /* Model */ = {
			isa = PBXGroup;
			children = (
				5456FA9824C993E30005D6CA /* FileModel.swift */,
			);
			path = Model;
			sourceTree = "<group>";
		};
		545CD66D24C17416004AE652 /* Controller */ = {
			isa = PBXGroup;
			children = (
				545CD66E24C1742F004AE652 /* DeviceCrashPanel.swift */,
				545CD67024C1758F004AE652 /* DeviceCrashViewController.swift */,
			);
			path = Controller;
			sourceTree = "<group>";
		};
		548B367224CACDC300838902 /* View */ = {
			isa = PBXGroup;
			children = (
				548B367324CACDE400838902 /* CrashFileTableView.swift */,
				5423DF5124D8FB5E0030DA25 /* DevicePopUpButton.swift */,
			);
			path = View;
			sourceTree = "<group>";
		};
/* End PBXGroup section */

/* Begin PBXNativeTarget section */
		542B93E524B0D8D000D73B5A /* SymbolicatorX */ = {
			isa = PBXNativeTarget;
			buildConfigurationList = 542B93F624B0D8D300D73B5A /* Build configuration list for PBXNativeTarget "SymbolicatorX" */;
			buildPhases = (
				542B93E224B0D8D000D73B5A /* Sources */,
				542B93E324B0D8D000D73B5A /* Frameworks */,
				542B93E424B0D8D000D73B5A /* Resources */,
				542C172124B221CF009A4219 /* Embed Frameworks */,
			);
			buildRules = (
			);
			dependencies = (
			);
			name = SymbolicatorX;
			productName = SymbolicatorX;
			productReference = 542B93E624B0D8D000D73B5A /* SymbolicatorX.app */;
			productType = "com.apple.product-type.application";
		};
/* End PBXNativeTarget section */

/* Begin PBXProject section */
		542B93DE24B0D8D000D73B5A /* Project object */ = {
			isa = PBXProject;
			attributes = {
				LastSwiftUpdateCheck = 1130;
				LastUpgradeCheck = 1130;
				ORGANIZATIONNAME = "钟晓跃";
				TargetAttributes = {
					542B93E524B0D8D000D73B5A = {
						CreatedOnToolsVersion = 11.3;
						LastSwiftMigration = 1130;
					};
				};
			};
			buildConfigurationList = 542B93E124B0D8D000D73B5A /* Build configuration list for PBXProject "SymbolicatorX" */;
			compatibilityVersion = "Xcode 9.3";
			developmentRegion = en;
			hasScannedForEncodings = 0;
			knownRegions = (
				en,
				Base,
			);
			mainGroup = 542B93DD24B0D8D000D73B5A;
			productRefGroup = 542B93E724B0D8D000D73B5A /* Products */;
			projectDirPath = "";
			projectRoot = "";
			targets = (
				542B93E524B0D8D000D73B5A /* SymbolicatorX */,
			);
		};
/* End PBXProject section */

/* Begin PBXResourcesBuildPhase section */
		542B93E424B0D8D000D73B5A /* Resources */ = {
			isa = PBXResourcesBuildPhase;
			buildActionMask = 2147483647;
			files = (
				5420D92524C05D85009E7CED /* SymbolicatedWindowController.xib in Resources */,
				542B93EE24B0D8D300D73B5A /* Assets.xcassets in Resources */,
				542B93F124B0D8D300D73B5A /* Main.storyboard in Resources */,
			);
			runOnlyForDeploymentPostprocessing = 0;
		};
/* End PBXResourcesBuildPhase section */

/* Begin PBXSourcesBuildPhase section */
		542B93E224B0D8D000D73B5A /* Sources */ = {
			isa = PBXSourcesBuildPhase;
			buildActionMask = 2147483647;
			files = (
				54478B2424DD51AB0064F956 /* Typealiases.swift in Sources */,
				542C171024B21B41009A4219 /* MainViewController.swift in Sources */,
				54478B3424DD51AB0064F956 /* ConstraintMakerRelatable.swift in Sources */,
				54478B3024DD51AB0064F956 /* LayoutConstraint.swift in Sources */,
				54478B1724DD51AB0064F956 /* ConstraintInsets.swift in Sources */,
				5415673E24CE81C3007B37E2 /* FileBrowserPanel.swift in Sources */,
				54478B2924DD51AB0064F956 /* ConstraintRelation.swift in Sources */,
				54478B1124DD51AB0064F956 /* LayoutConstraintItem.swift in Sources */,
				5406E77424BDB5F7005E6028 /* DSYMSearch.swift in Sources */,
				542B94A024B0E7A400D73B5A /* InstallationProxy.swift in Sources */,
				54478B2724DD51AB0064F956 /* ConstraintMakerEditable.swift in Sources */,
				542B949A24B0E74400D73B5A /* DeviceConnection.swift in Sources */,
				542C171C24B21E7B009A4219 /* BaseViewController.swift in Sources */,
				54478B1624DD51AB0064F956 /* ConstraintPriorityTarget.swift in Sources */,
				542B949224B0E4A100D73B5A /* AppleServiceIdentifier.swift in Sources */,
				542B946E24B0E0C400D73B5A /* Plist.swift in Sources */,
				54478B1A24DD51AB0064F956 /* ConstraintMakerExtendable.swift in Sources */,
				542B949624B0E53000D73B5A /* DebugServer.swift in Sources */,
				545CD67124C1758F004AE652 /* DeviceCrashViewController.swift in Sources */,
				5428B18324B4D2BD004AC47A /* String+Extension.swift in Sources */,
				54478B2F24DD51AB0064F956 /* ConstraintRelatableTarget.swift in Sources */,
				54273AC524C0A7E200B184D2 /* LineNumberRulerView.swift in Sources */,
				542B94A424B0E7EF00D73B5A /* MobileDevice.swift in Sources */,
				54478B2624DD51AB0064F956 /* ConstraintOffsetTarget.swift in Sources */,
				542B947224B0E1CB00D73B5A /* PlistDict.swift in Sources */,
				54478B2E24DD51AB0064F956 /* Debugging.swift in Sources */,
				542C171224B21B54009A4219 /* MainWindowController.swift in Sources */,
				54478B1C24DD51AB0064F956 /* ConstraintInsetTarget.swift in Sources */,
				54478B2824DD51AB0064F956 /* ConstraintMaker.swift in Sources */,
				54478B1824DD51AB0064F956 /* ConstraintMakerFinalizable.swift in Sources */,
				542B949424B0E4EB00D73B5A /* AfcClient.swift in Sources */,
				54478B2C24DD51AB0064F956 /* ConstraintItem.swift in Sources */,
				5423DF5024D7EF0F0030DA25 /* InstallViewController.swift in Sources */,
				54478B1524DD51AB0064F956 /* ConstraintViewDSL.swift in Sources */,
				548B367424CACDE400838902 /* CrashFileTableView.swift in Sources */,
				542B947424B0E1F500D73B5A /* PlistValue.swift in Sources */,
				5406E78224BEEC29005E6028 /* TextViewController.swift in Sources */,
				54478B2B24DD51AB0064F956 /* ConstraintView+Extensions.swift in Sources */,
				54478B1D24DD51AB0064F956 /* ConstraintDirectionalInsetTarget.swift in Sources */,
				5406E76F24BDB20C005E6028 /* FileSearch.swift in Sources */,
				542C659224C151BE000DCC08 /* String+Text.swift in Sources */,
				54478B2124DD51AB0064F956 /* ConstraintView.swift in Sources */,
				5415674524CEA274007B37E2 /* FileTableCellView.swift in Sources */,
				54478B3324DD51AB0064F956 /* ConstraintLayoutSupportDSL.swift in Sources */,
				5423DF4E24D7EEF30030DA25 /* InstallPanel.swift in Sources */,
				54478B1024DD51AB0064F956 /* ConstraintMultiplierTarget.swift in Sources */,
				54273AC724C0A81100B184D2 /* NSTextView+LineNumber.swift in Sources */,
				542B949C24B0E76900D73B5A /* FileRelay.swift in Sources */,
				542C171A24B21E6C009A4219 /* BaseWindowController.swift in Sources */,
				5406E76D24BDA6D8005E6028 /* SpotlightSearch.swift in Sources */,
				54478B1F24DD51AB0064F956 /* ConstraintConfig.swift in Sources */,
				5428B17D24B4CB2B004AC47A /* DSYMFile.swift in Sources */,
				54478B2A24DD51AB0064F956 /* ConstraintLayoutGuideDSL.swift in Sources */,
				54478B1424DD51AB0064F956 /* ConstraintAttributes.swift in Sources */,
				54478B2524DD51AB0064F956 /* ConstraintConstantTarget.swift in Sources */,
				5423DF5224D8FB5E0030DA25 /* DevicePopUpButton.swift in Sources */,
				5428218424B36D7A00DFC62F /* NSColor+Extension.swift in Sources */,
				54478B3224DD51AB0064F956 /* ConstraintDirectionalInsets.swift in Sources */,
				547DB90824D3AF1600C7A5FD /* NSWindow+Extension.swift in Sources */,
				542B94AC24B0E84300D73B5A /* SyslogRelay.swift in Sources */,
				542B947024B0E18B00D73B5A /* PlistArray.swift in Sources */,
				5428B17F24B4CC2D004AC47A /* Architecture.swift in Sources */,
				5406E77824BED11C005E6028 /* Symbolicator.swift in Sources */,
				542B94A624B0E80000D73B5A /* ScreenshotService.swift in Sources */,
				5415674724CEA806007B37E2 /* NSTableCellView+Extesnion.swift in Sources */,
				542B93EA24B0D8D000D73B5A /* AppDelegate.swift in Sources */,
				54478B2024DD51AB0064F956 /* UILayoutSupport+Extensions.swift in Sources */,
				5456FA9924C993E30005D6CA /* FileModel.swift in Sources */,
				54478B1924DD51AB0064F956 /* ConstraintDSL.swift in Sources */,
				542B94A224B0E7D800D73B5A /* LockdownClient.swift in Sources */,
				54478B1E24DD51AB0064F956 /* ConstraintMakerRelatable+Extensions.swift in Sources */,
				54478B2D24DD51AB0064F956 /* Constraint.swift in Sources */,
				542C659524C1575D000DCC08 /* NSToolbar+Extension.swift in Sources */,
				54478B1B24DD51AB0064F956 /* ConstraintPriority.swift in Sources */,
				5415674224CE836C007B37E2 /* NSButton+Extension.swift in Sources */,
				5428218724B371F600DFC62F /* DropZoneView.swift in Sources */,
				54478B3124DD51AB0064F956 /* ConstraintLayoutGuide+Extensions.swift in Sources */,
				54478B2324DD51AB0064F956 /* ConstraintLayoutSupport.swift in Sources */,
				545CD66F24C1742F004AE652 /* DeviceCrashPanel.swift in Sources */,
				54478B1224DD51AB0064F956 /* ConstraintDescription.swift in Sources */,
				5428B18124B4CC37004AC47A /* BinaryUUID.swift in Sources */,
				54478B2224DD51AB0064F956 /* ConstraintLayoutGuide.swift in Sources */,
				5415674024CE81DE007B37E2 /* FileBrowserViewController.swift in Sources */,
				5420D92424C05D85009E7CED /* SymbolicatedWindowController.swift in Sources */,
				5428B18524B4D3DD004AC47A /* CrashFile.swift in Sources */,
				542B949E24B0E78400D73B5A /* HouseArrest.swift in Sources */,
				54478B1324DD51AB0064F956 /* ConstraintMakerPriortizable.swift in Sources */,
				542B949824B0E54C00D73B5A /* Device.swift in Sources */,
				542B94A824B0E81400D73B5A /* SpringboardService.swift in Sources */,
				542B94AA24B0E82C00D73B5A /* String+Unsafe.swift in Sources */,
			);
			runOnlyForDeploymentPostprocessing = 0;
		};
/* End PBXSourcesBuildPhase section */

/* Begin PBXVariantGroup section */
		542B93EF24B0D8D300D73B5A /* Main.storyboard */ = {
			isa = PBXVariantGroup;
			children = (
				542B93F024B0D8D300D73B5A /* Base */,
			);
			name = Main.storyboard;
			sourceTree = "<group>";
		};
/* End PBXVariantGroup section */

/* Begin XCBuildConfiguration section */
		542B93F424B0D8D300D73B5A /* Debug */ = {
			isa = XCBuildConfiguration;
			buildSettings = {
				ALWAYS_SEARCH_USER_PATHS = NO;
				CLANG_ANALYZER_NONNULL = YES;
				CLANG_ANALYZER_NUMBER_OBJECT_CONVERSION = YES_AGGRESSIVE;
				CLANG_CXX_LANGUAGE_STANDARD = "gnu++14";
				CLANG_CXX_LIBRARY = "libc++";
				CLANG_ENABLE_MODULES = YES;
				CLANG_ENABLE_OBJC_ARC = YES;
				CLANG_ENABLE_OBJC_WEAK = YES;
				CLANG_WARN_BLOCK_CAPTURE_AUTORELEASING = YES;
				CLANG_WARN_BOOL_CONVERSION = YES;
				CLANG_WARN_COMMA = YES;
				CLANG_WARN_CONSTANT_CONVERSION = YES;
				CLANG_WARN_DEPRECATED_OBJC_IMPLEMENTATIONS = YES;
				CLANG_WARN_DIRECT_OBJC_ISA_USAGE = YES_ERROR;
				CLANG_WARN_DOCUMENTATION_COMMENTS = YES;
				CLANG_WARN_EMPTY_BODY = YES;
				CLANG_WARN_ENUM_CONVERSION = YES;
				CLANG_WARN_INFINITE_RECURSION = YES;
				CLANG_WARN_INT_CONVERSION = YES;
				CLANG_WARN_NON_LITERAL_NULL_CONVERSION = YES;
				CLANG_WARN_OBJC_IMPLICIT_RETAIN_SELF = YES;
				CLANG_WARN_OBJC_LITERAL_CONVERSION = YES;
				CLANG_WARN_OBJC_ROOT_CLASS = YES_ERROR;
				CLANG_WARN_RANGE_LOOP_ANALYSIS = YES;
				CLANG_WARN_STRICT_PROTOTYPES = YES;
				CLANG_WARN_SUSPICIOUS_MOVE = YES;
				CLANG_WARN_UNGUARDED_AVAILABILITY = YES_AGGRESSIVE;
				CLANG_WARN_UNREACHABLE_CODE = YES;
				CLANG_WARN__DUPLICATE_METHOD_MATCH = YES;
				COPY_PHASE_STRIP = NO;
				DEBUG_INFORMATION_FORMAT = "dwarf-with-dsym";
				ENABLE_STRICT_OBJC_MSGSEND = YES;
				ENABLE_TESTABILITY = YES;
				GCC_C_LANGUAGE_STANDARD = gnu11;
				GCC_DYNAMIC_NO_PIC = NO;
				GCC_NO_COMMON_BLOCKS = YES;
				GCC_OPTIMIZATION_LEVEL = 0;
				GCC_PREPROCESSOR_DEFINITIONS = (
					"DEBUG=1",
					"$(inherited)",
				);
				GCC_WARN_64_TO_32_BIT_CONVERSION = YES;
				GCC_WARN_ABOUT_RETURN_TYPE = YES_ERROR;
				GCC_WARN_UNDECLARED_SELECTOR = YES;
				GCC_WARN_UNINITIALIZED_AUTOS = YES_AGGRESSIVE;
				GCC_WARN_UNUSED_FUNCTION = YES;
				GCC_WARN_UNUSED_VARIABLE = YES;
				MACOSX_DEPLOYMENT_TARGET = 10.11;
				MTL_ENABLE_DEBUG_INFO = INCLUDE_SOURCE;
				MTL_FAST_MATH = YES;
				ONLY_ACTIVE_ARCH = YES;
				SDKROOT = macosx;
				SWIFT_ACTIVE_COMPILATION_CONDITIONS = DEBUG;
				SWIFT_OPTIMIZATION_LEVEL = "-Onone";
			};
			name = Debug;
		};
		542B93F524B0D8D300D73B5A /* Release */ = {
			isa = XCBuildConfiguration;
			buildSettings = {
				ALWAYS_SEARCH_USER_PATHS = NO;
				CLANG_ANALYZER_NONNULL = YES;
				CLANG_ANALYZER_NUMBER_OBJECT_CONVERSION = YES_AGGRESSIVE;
				CLANG_CXX_LANGUAGE_STANDARD = "gnu++14";
				CLANG_CXX_LIBRARY = "libc++";
				CLANG_ENABLE_MODULES = YES;
				CLANG_ENABLE_OBJC_ARC = YES;
				CLANG_ENABLE_OBJC_WEAK = YES;
				CLANG_WARN_BLOCK_CAPTURE_AUTORELEASING = YES;
				CLANG_WARN_BOOL_CONVERSION = YES;
				CLANG_WARN_COMMA = YES;
				CLANG_WARN_CONSTANT_CONVERSION = YES;
				CLANG_WARN_DEPRECATED_OBJC_IMPLEMENTATIONS = YES;
				CLANG_WARN_DIRECT_OBJC_ISA_USAGE = YES_ERROR;
				CLANG_WARN_DOCUMENTATION_COMMENTS = YES;
				CLANG_WARN_EMPTY_BODY = YES;
				CLANG_WARN_ENUM_CONVERSION = YES;
				CLANG_WARN_INFINITE_RECURSION = YES;
				CLANG_WARN_INT_CONVERSION = YES;
				CLANG_WARN_NON_LITERAL_NULL_CONVERSION = YES;
				CLANG_WARN_OBJC_IMPLICIT_RETAIN_SELF = YES;
				CLANG_WARN_OBJC_LITERAL_CONVERSION = YES;
				CLANG_WARN_OBJC_ROOT_CLASS = YES_ERROR;
				CLANG_WARN_RANGE_LOOP_ANALYSIS = YES;
				CLANG_WARN_STRICT_PROTOTYPES = YES;
				CLANG_WARN_SUSPICIOUS_MOVE = YES;
				CLANG_WARN_UNGUARDED_AVAILABILITY = YES_AGGRESSIVE;
				CLANG_WARN_UNREACHABLE_CODE = YES;
				CLANG_WARN__DUPLICATE_METHOD_MATCH = YES;
				COPY_PHASE_STRIP = NO;
				DEBUG_INFORMATION_FORMAT = "dwarf-with-dsym";
				ENABLE_NS_ASSERTIONS = NO;
				ENABLE_STRICT_OBJC_MSGSEND = YES;
				GCC_C_LANGUAGE_STANDARD = gnu11;
				GCC_NO_COMMON_BLOCKS = YES;
				GCC_WARN_64_TO_32_BIT_CONVERSION = YES;
				GCC_WARN_ABOUT_RETURN_TYPE = YES_ERROR;
				GCC_WARN_UNDECLARED_SELECTOR = YES;
				GCC_WARN_UNINITIALIZED_AUTOS = YES_AGGRESSIVE;
				GCC_WARN_UNUSED_FUNCTION = YES;
				GCC_WARN_UNUSED_VARIABLE = YES;
				MACOSX_DEPLOYMENT_TARGET = 10.11;
				MTL_ENABLE_DEBUG_INFO = NO;
				MTL_FAST_MATH = YES;
				SDKROOT = macosx;
				SWIFT_COMPILATION_MODE = wholemodule;
				SWIFT_OPTIMIZATION_LEVEL = "-O";
			};
			name = Release;
		};
		542B93F724B0D8D300D73B5A /* Debug */ = {
			isa = XCBuildConfiguration;
			buildSettings = {
				ASSETCATALOG_COMPILER_APPICON_NAME = AppIcon;
				CLANG_ENABLE_MODULES = YES;
				CODE_SIGN_ENTITLEMENTS = SymbolicatorX/SymbolicatorX.entitlements;
				CODE_SIGN_STYLE = Automatic;
				COMBINE_HIDPI_IMAGES = YES;
				DEVELOPMENT_TEAM = "";
				ENABLE_HARDENED_RUNTIME = YES;
				FRAMEWORK_SEARCH_PATHS = (
					"$(inherited)",
					"$(PROJECT_DIR)/SymbolicatorX/Frameworks",
				);
				HEADER_SEARCH_PATHS = "";
				INFOPLIST_FILE = SymbolicatorX/Info.plist;
				LD_RUNPATH_SEARCH_PATHS = (
					"$(inherited)",
					"@executable_path/../Frameworks",
				);
				LIBRARY_SEARCH_PATHS = (
					"$(inherited)",
					"$(PROJECT_DIR)/SymbolicatorX/Devicelib/plist",
					"$(PROJECT_DIR)/SymbolicatorX/Devicelib/libimobiledevice",
					"$(PROJECT_DIR)/SymbolicatorX/Devicelib/usbmuxd",
					"$(PROJECT_DIR)/SymbolicatorX/Devicelib/openssl",
				);
				PRODUCT_BUNDLE_IDENTIFIER = com.zhongxiaoyue.SymbolicatorX;
				PRODUCT_NAME = "$(TARGET_NAME)";
				SWIFT_OBJC_BRIDGING_HEADER = "SymbolicatorX/SymbolicatorX-Bridging-Header.h";
				SWIFT_OPTIMIZATION_LEVEL = "-Onone";
				SWIFT_VERSION = 5.0;
				SYSTEM_HEADER_SEARCH_PATHS = "$(SRCROOT)/SymbolicatorX/Devicelib";
			};
			name = Debug;
		};
		542B93F824B0D8D300D73B5A /* Release */ = {
			isa = XCBuildConfiguration;
			buildSettings = {
				ASSETCATALOG_COMPILER_APPICON_NAME = AppIcon;
				CLANG_ENABLE_MODULES = YES;
				CODE_SIGN_ENTITLEMENTS = SymbolicatorX/SymbolicatorX.entitlements;
				CODE_SIGN_STYLE = Automatic;
				COMBINE_HIDPI_IMAGES = YES;
				DEVELOPMENT_TEAM = "";
				ENABLE_HARDENED_RUNTIME = YES;
				FRAMEWORK_SEARCH_PATHS = (
					"$(inherited)",
					"$(PROJECT_DIR)/SymbolicatorX/Frameworks",
				);
				HEADER_SEARCH_PATHS = "";
				INFOPLIST_FILE = SymbolicatorX/Info.plist;
				LD_RUNPATH_SEARCH_PATHS = (
					"$(inherited)",
					"@executable_path/../Frameworks",
				);
				LIBRARY_SEARCH_PATHS = (
					"$(inherited)",
					"$(PROJECT_DIR)/SymbolicatorX/Devicelib/plist",
					"$(PROJECT_DIR)/SymbolicatorX/Devicelib/libimobiledevice",
					"$(PROJECT_DIR)/SymbolicatorX/Devicelib/usbmuxd",
					"$(PROJECT_DIR)/SymbolicatorX/Devicelib/openssl",
				);
				PRODUCT_BUNDLE_IDENTIFIER = com.zhongxiaoyue.SymbolicatorX;
				PRODUCT_NAME = "$(TARGET_NAME)";
				SWIFT_OBJC_BRIDGING_HEADER = "SymbolicatorX/SymbolicatorX-Bridging-Header.h";
				SWIFT_VERSION = 5.0;
				SYSTEM_HEADER_SEARCH_PATHS = "$(SRCROOT)/SymbolicatorX/Devicelib";
			};
			name = Release;
		};
/* End XCBuildConfiguration section */

/* Begin XCConfigurationList section */
		542B93E124B0D8D000D73B5A /* Build configuration list for PBXProject "SymbolicatorX" */ = {
			isa = XCConfigurationList;
			buildConfigurations = (
				542B93F424B0D8D300D73B5A /* Debug */,
				542B93F524B0D8D300D73B5A /* Release */,
			);
			defaultConfigurationIsVisible = 0;
			defaultConfigurationName = Release;
		};
		542B93F624B0D8D300D73B5A /* Build configuration list for PBXNativeTarget "SymbolicatorX" */ = {
			isa = XCConfigurationList;
			buildConfigurations = (
				542B93F724B0D8D300D73B5A /* Debug */,
				542B93F824B0D8D300D73B5A /* Release */,
			);
			defaultConfigurationIsVisible = 0;
			defaultConfigurationName = Release;
		};
/* End XCConfigurationList section */
	};
	rootObject = 542B93DE24B0D8D000D73B5A /* Project object */;
}
